
Microsoft Visual Studio Solution File, Format Version 12.00
Project("{FAE04EC0-301F-11D3-BF4B-00C04F79EFBC}") = "Linq_Crud", "Linq_Crud\Linq_Crud.csproj", "{3EC4BE11-F026-41F5-A342-7947D0909611}"
EndProject
Project("{FAE04EC0-301F-11D3-BF4B-00C04F79EFBC}") = "Clean.Application", "Clean.Application\Clean.Application.csproj", "{2F433B47-6DA8-49CA-A18E-6CE64D7A4F55}"
EndProject
Project("{FAE04EC0-301F-11D3-BF4B-00C04F79EFBC}") = "Clean.Domain", "Clean.Domain\Clean.Domain.csproj", "{2A48FB00-5D4B-4E04-A196-A88FC68C99F6}"
EndProject
Project("{FAE04EC0-301F-11D3-BF4B-00C04F79EFBC}") = "Clean.Infrastructure", "Clean.Infrastructure\Clean.Infrastructure.csproj", "{66E242B2-7E4A-4B04-BDD1-F7B99416124A}"
EndProject
Global
	GlobalSection(SolutionConfigurationPlatforms) = preSolution
		Debug|Any CPU = Debug|Any CPU
		Release|Any CPU = Release|Any CPU
	EndGlobalSection
	GlobalSection(ProjectConfigurationPlatforms) = postSolution
		{3EC4BE11-F026-41F5-A342-7947D0909611}.Debug|Any CPU.ActiveCfg = Debug|Any CPU
		{3EC4BE11-F026-41F5-A342-7947D0909611}.Debug|Any CPU.Build.0 = Debug|Any CPU
		{3EC4BE11-F026-41F5-A342-7947D0909611}.Release|Any CPU.ActiveCfg = Release|Any CPU
		{3EC4BE11-F026-41F5-A342-7947D0909611}.Release|Any CPU.Build.0 = Release|Any CPU
		{2F433B47-6DA8-49CA-A18E-6CE64D7A4F55}.Debug|Any CPU.ActiveCfg = Debug|Any CPU
		{2F433B47-6DA8-49CA-A18E-6CE64D7A4F55}.Debug|Any CPU.Build.0 = Debug|Any CPU
		{2F433B47-6DA8-49CA-A18E-6CE64D7A4F55}.Release|Any CPU.ActiveCfg = Release|Any CPU
		{2F433B47-6DA8-49CA-A18E-6CE64D7A4F55}.Release|Any CPU.Build.0 = Release|Any CPU
		{2A48FB00-5D4B-4E04-A196-A88FC68C99F6}.Debug|Any CPU.ActiveCfg = Debug|Any CPU
		{2A48FB00-5D4B-4E04-A196-A88FC68C99F6}.Debug|Any CPU.Build.0 = Debug|Any CPU
		{2A48FB00-5D4B-4E04-A196-A88FC68C99F6}.Release|Any CPU.ActiveCfg = Release|Any CPU
		{2A48FB00-5D4B-4E04-A196-A88FC68C99F6}.Release|Any CPU.Build.0 = Release|Any CPU
		{66E242B2-7E4A-4B04-BDD1-F7B99416124A}.Debug|Any CPU.ActiveCfg = Debug|Any CPU
		{66E242B2-7E4A-4B04-BDD1-F7B99416124A}.Debug|Any CPU.Build.0 = Debug|Any CPU
		{66E242B2-7E4A-4B04-BDD1-F7B99416124A}.Release|Any CPU.ActiveCfg = Release|Any CPU
		{66E242B2-7E4A-4B04-BDD1-F7B99416124A}.Release|Any CPU.Build.0 = Release|Any CPU
	EndGlobalSection
EndGlobal
